
Microsoft Visual Studio Solution File, Format Version 12.00
# Visual Studio Version 17
VisualStudioVersion = 17.0.31903.59
MinimumVisualStudioVersion = 10.0.40219.1
Project("{2150E333-8FDC-42A3-9474-1A3956D46DE8}") = "src", "src", "{827E0CD3-B72D-47B6-A68D-7590B98EB39B}"
EndProject
Project("{FAE04EC0-301F-11D3-BF4B-00C04F79EFBC}") = "ExpandableX-Core", "src\ExpandableX-Core\ExpandableX-Core.csproj", "{25939293-4DEB-4803-B022-CDC26F03231C}"
EndProject
Project("{FAE04EC0-301F-11D3-BF4B-00C04F79EFBC}") = "ExpandableX", "src\ExpandableX\ExpandableX.csproj", "{C56B8B29-4EAF-4046-84CE-B6A7FEA76A4C}"
EndProject
Global
	GlobalSection(SolutionConfigurationPlatforms) = preSolution
		Debug|Any CPU = Debug|Any CPU
		Debug|x64 = Debug|x64
		Debug|x86 = Debug|x86
		Release|Any CPU = Release|Any CPU
		Release|x64 = Release|x64
		Release|x86 = Release|x86
	EndGlobalSection
	GlobalSection(ProjectConfigurationPlatforms) = postSolution
		{25939293-4DEB-4803-B022-CDC26F03231C}.Debug|Any CPU.ActiveCfg = Debug|Any CPU
		{25939293-4DEB-4803-B022-CDC26F03231C}.Debug|Any CPU.Build.0 = Debug|Any CPU
		{25939293-4DEB-4803-B022-CDC26F03231C}.Debug|x64.ActiveCfg = Debug|Any CPU
		{25939293-4DEB-4803-B022-CDC26F03231C}.Debug|x64.Build.0 = Debug|Any CPU
		{25939293-4DEB-4803-B022-CDC26F03231C}.Debug|x86.ActiveCfg = Debug|Any CPU
		{25939293-4DEB-4803-B022-CDC26F03231C}.Debug|x86.Build.0 = Debug|Any CPU
		{25939293-4DEB-4803-B022-CDC26F03231C}.Release|Any CPU.ActiveCfg = Release|Any CPU
		{25939293-4DEB-4803-B022-CDC26F03231C}.Release|Any CPU.Build.0 = Release|Any CPU
		{25939293-4DEB-4803-B022-CDC26F03231C}.Release|x64.ActiveCfg = Release|Any CPU
		{25939293-4DEB-4803-B022-CDC26F03231C}.Release|x64.Build.0 = Release|Any CPU
		{25939293-4DEB-4803-B022-CDC26F03231C}.Release|x86.ActiveCfg = Release|Any CPU
		{25939293-4DEB-4803-B022-CDC26F03231C}.Release|x86.Build.0 = Release|Any CPU
		{C56B8B29-4EAF-4046-84CE-B6A7FEA76A4C}.Debug|Any CPU.ActiveCfg = Debug|Any CPU
		{C56B8B29-4EAF-4046-84CE-B6A7FEA76A4C}.Debug|Any CPU.Build.0 = Debug|Any CPU
		{C56B8B29-4EAF-4046-84CE-B6A7FEA76A4C}.Debug|x64.ActiveCfg = Debug|Any CPU
		{C56B8B29-4EAF-4046-84CE-B6A7FEA76A4C}.Debug|x64.Build.0 = Debug|Any CPU
		{C56B8B29-4EAF-4046-84CE-B6A7FEA76A4C}.Debug|x86.ActiveCfg = Debug|Any CPU
		{C56B8B29-4EAF-4046-84CE-B6A7FEA76A4C}.Debug|x86.Build.0 = Debug|Any CPU
		{C56B8B29-4EAF-4046-84CE-B6A7FEA76A4C}.Release|Any CPU.ActiveCfg = Release|Any CPU
		{C56B8B29-4EAF-4046-84CE-B6A7FEA76A4C}.Release|Any CPU.Build.0 = Release|Any CPU
		{C56B8B29-4EAF-4046-84CE-B6A7FEA76A4C}.Release|x64.ActiveCfg = Release|Any CPU
		{C56B8B29-4EAF-4046-84CE-B6A7FEA76A4C}.Release|x64.Build.0 = Release|Any CPU
		{C56B8B29-4EAF-4046-84CE-B6A7FEA76A4C}.Release|x86.ActiveCfg = Release|Any CPU
		{C56B8B29-4EAF-4046-84CE-B6A7FEA76A4C}.Release|x86.Build.0 = Release|Any CPU
	EndGlobalSection
	GlobalSection(SolutionProperties) = preSolution
		HideSolutionNode = FALSE
	EndGlobalSection
	GlobalSection(NestedProjects) = preSolution
		{25939293-4DEB-4803-B022-CDC26F03231C} = {827E0CD3-B72D-47B6-A68D-7590B98EB39B}
		{C56B8B29-4EAF-4046-84CE-B6A7FEA76A4C} = {827E0CD3-B72D-47B6-A68D-7590B98EB39B}
	EndGlobalSection
EndGlobal
